<Solution>
  <Folder Name="/src/">
    <Project Path="src/ScreenRecorder.App/ScreenRecorder.App.csproj" />
    <Project Path="src/ScreenRecorder.MfSpike/ScreenRecorder.MfSpike.csproj" />
    <Project Path="src/ScreenRecorder.RecordingEngine/ScreenRecorder.RecordingEngine.csproj" />
    <Project Path="src/ScreenRecorder.RecordingEngine.Tests/ScreenRecorder.RecordingEngine.Tests.csproj" />
    <Project Path="src/ScreenRecorder.VariantBSpike/ScreenRecorder.VariantBSpike.csproj" />
  </Folder>
</Solution>
